
Microsoft Visual Studio Solution File, Format Version 12.00
# Visual Studio 15
Project("{FAE04EC0-301F-11D3-BF4B-00C04F79EFBC}") = "Assembly-CSharp", "Assembly-CSharp.csproj", "{27FB956D-3569-34D1-2107-9D3E67C94402}"
EndProject
Project("{FAE04EC0-301F-11D3-BF4B-00C04F79EFBC}") = "Assembly-CSharp-firstpass", "Assembly-CSharp-firstpass.csproj", "{FD87C197-3A44-E32B-B273-013EDFE31AE4}"
EndProject
Project("{FAE04EC0-301F-11D3-BF4B-00C04F79EFBC}") = "Assembly-CSharp-Editor-firstpass", "Assembly-CSharp-Editor-firstpass.csproj", "{20D8E63A-3C79-5FEE-C8CB-71D044CC4557}"
EndProject
Global
	GlobalSection(SolutionConfigurationPlatforms) = preSolution
		Debug|Any CPU = Debug|Any CPU
		Release|Any CPU = Release|Any CPU
	EndGlobalSection
	GlobalSection(ProjectConfigurationPlatforms) = postSolution
		{27FB956D-3569-34D1-2107-9D3E67C94402}.Debug|Any CPU.ActiveCfg = Debug|Any CPU
		{27FB956D-3569-34D1-2107-9D3E67C94402}.Debug|Any CPU.Build.0 = Debug|Any CPU
		{27FB956D-3569-34D1-2107-9D3E67C94402}.Release|Any CPU.ActiveCfg = Release|Any CPU
		{27FB956D-3569-34D1-2107-9D3E67C94402}.Release|Any CPU.Build.0 = Release|Any CPU
		{FD87C197-3A44-E32B-B273-013EDFE31AE4}.Debug|Any CPU.ActiveCfg = Debug|Any CPU
		{FD87C197-3A44-E32B-B273-013EDFE31AE4}.Debug|Any CPU.Build.0 = Debug|Any CPU
		{FD87C197-3A44-E32B-B273-013EDFE31AE4}.Release|Any CPU.ActiveCfg = Release|Any CPU
		{FD87C197-3A44-E32B-B273-013EDFE31AE4}.Release|Any CPU.Build.0 = Release|Any CPU
		{20D8E63A-3C79-5FEE-C8CB-71D044CC4557}.Debug|Any CPU.ActiveCfg = Debug|Any CPU
		{20D8E63A-3C79-5FEE-C8CB-71D044CC4557}.Debug|Any CPU.Build.0 = Debug|Any CPU
		{20D8E63A-3C79-5FEE-C8CB-71D044CC4557}.Release|Any CPU.ActiveCfg = Release|Any CPU
		{20D8E63A-3C79-5FEE-C8CB-71D044CC4557}.Release|Any CPU.Build.0 = Release|Any CPU
	EndGlobalSection
	GlobalSection(SolutionProperties) = preSolution
		HideSolutionNode = FALSE
	EndGlobalSection
EndGlobal
